
Microsoft Visual Studio Solution File, Format Version 12.00
# Visual Studio Version 16
VisualStudioVersion = 16.0.30204.135
MinimumVisualStudioVersion = 10.0.40219.1
Project("{FAE04EC0-301F-11D3-BF4B-00C04F79EFBC}") = "SamplePdfGenerator", "SamplePdfGenerator\SamplePdfGenerator.csproj", "{ECC00D29-D65A-4195-9001-B56CEE7AE5D8}"
EndProject
Global
	GlobalSection(SolutionConfigurationPlatforms) = preSolution
		Debug|Any CPU = Debug|Any CPU
		Release|Any CPU = Release|Any CPU
	EndGlobalSection
	GlobalSection(ProjectConfigurationPlatforms) = postSolution
		{ECC00D29-D65A-4195-9001-B56CEE7AE5D8}.Debug|Any CPU.ActiveCfg = Debug|Any CPU
		{ECC00D29-D65A-4195-9001-B56CEE7AE5D8}.Debug|Any CPU.Build.0 = Debug|Any CPU
		{ECC00D29-D65A-4195-9001-B56CEE7AE5D8}.Release|Any CPU.ActiveCfg = Release|Any CPU
		{ECC00D29-D65A-4195-9001-B56CEE7AE5D8}.Release|Any CPU.Build.0 = Release|Any CPU
	EndGlobalSection
	GlobalSection(SolutionProperties) = preSolution
		HideSolutionNode = FALSE
	EndGlobalSection
	GlobalSection(ExtensibilityGlobals) = postSolution
		SolutionGuid = {0CBDF34E-E767-4627-8737-50BA833C8EE7}
	EndGlobalSection
EndGlobal
